// !$*UTF8*$!
{
	archiveVersion = 1;
	classes = {
	};
	objectVersion = 55;
	objects = {

/* Begin PBXBuildFile section */
		152F577528B9F43100CA3245 /* AppDelegate.swift in Sources */ = {isa = PBXBuildFile; fileRef = 152F577428B9F43100CA3245 /* AppDelegate.swift */; };
		152F577728B9F43100CA3245 /* SceneDelegate.swift in Sources */ = {isa = PBXBuildFile; fileRef = 152F577628B9F43100CA3245 /* SceneDelegate.swift */; };
		152F577C28B9F43100CA3245 /* Main.storyboard in Resources */ = {isa = PBXBuildFile; fileRef = 152F577A28B9F43100CA3245 /* Main.storyboard */; };
		152F577E28B9F43400CA3245 /* Assets.xcassets in Resources */ = {isa = PBXBuildFile; fileRef = 152F577D28B9F43400CA3245 /* Assets.xcassets */; };
		152F578128B9F43400CA3245 /* LaunchScreen.storyboard in Resources */ = {isa = PBXBuildFile; fileRef = 152F577F28B9F43400CA3245 /* LaunchScreen.storyboard */; };
		152F579228B9F82C00CA3245 /* MoyaLoggingPlugin.swift in Sources */ = {isa = PBXBuildFile; fileRef = 152F579128B9F82C00CA3245 /* MoyaLoggingPlugin.swift */; };
		152F579528B9F87300CA3245 /* UIImageView+.swift in Sources */ = {isa = PBXBuildFile; fileRef = 152F579428B9F87300CA3245 /* UIImageView+.swift */; };
		152F579728B9FA4200CA3245 /* UIView+.swift in Sources */ = {isa = PBXBuildFile; fileRef = 152F579628B9FA4200CA3245 /* UIView+.swift */; };
		152F579928B9FA8100CA3245 /* Observable+catchError.swift in Sources */ = {isa = PBXBuildFile; fileRef = 152F579828B9FA8100CA3245 /* Observable+catchError.swift */; };
		152F579C28B9FB7800CA3245 /* StatusHandler.swift in Sources */ = {isa = PBXBuildFile; fileRef = 152F579B28B9FB7800CA3245 /* StatusHandler.swift */; };
		152F579E28B9FB8F00CA3245 /* VoidType.swift in Sources */ = {isa = PBXBuildFile; fileRef = 152F579D28B9FB8F00CA3245 /* VoidType.swift */; };
		152F57A028B9FBA200CA3245 /* StatusCase.swift in Sources */ = {isa = PBXBuildFile; fileRef = 152F579F28B9FBA200CA3245 /* StatusCase.swift */; };
		152F57A228B9FBB200CA3245 /* BaseResponseType.swift in Sources */ = {isa = PBXBuildFile; fileRef = 152F57A128B9FBB200CA3245 /* BaseResponseType.swift */; };
		152F57A428B9FBC800CA3245 /* BaseArrayResponseType.swift in Sources */ = {isa = PBXBuildFile; fileRef = 152F57A328B9FBC800CA3245 /* BaseArrayResponseType.swift */; };
		152F57A628B9FD7700CA3245 /* MainTabBarController.swift in Sources */ = {isa = PBXBuildFile; fileRef = 152F57A528B9FD7700CA3245 /* MainTabBarController.swift */; };
		152F57A928B9FDC500CA3245 /* Home.storyboard in Resources */ = {isa = PBXBuildFile; fileRef = 152F57A828B9FDC500CA3245 /* Home.storyboard */; };
		152F57AB28B9FDD200CA3245 /* HomeViewController.swift in Sources */ = {isa = PBXBuildFile; fileRef = 152F57AA28B9FDD200CA3245 /* HomeViewController.swift */; };
		152F57AE28B9FE3600CA3245 /* RecodeList.storyboard in Resources */ = {isa = PBXBuildFile; fileRef = 152F57AD28B9FE3600CA3245 /* RecodeList.storyboard */; };
		152F57B028B9FE3E00CA3245 /* RecordListViewController.swift in Sources */ = {isa = PBXBuildFile; fileRef = 152F57AF28B9FE3E00CA3245 /* RecordListViewController.swift */; };
		152F57B328B9FE5400CA3245 /* MyPage.storyboard in Resources */ = {isa = PBXBuildFile; fileRef = 152F57B228B9FE5400CA3245 /* MyPage.storyboard */; };
		152F57B528B9FE5A00CA3245 /* MyPageViewController.swift in Sources */ = {isa = PBXBuildFile; fileRef = 152F57B428B9FE5A00CA3245 /* MyPageViewController.swift */; };
		152F57B828B9FF4E00CA3245 /* Initial.storyboard in Resources */ = {isa = PBXBuildFile; fileRef = 152F57B728B9FF4E00CA3245 /* Initial.storyboard */; };
		152F57BA28B9FF5600CA3245 /* InitialViewController.swift in Sources */ = {isa = PBXBuildFile; fileRef = 152F57B928B9FF5600CA3245 /* InitialViewController.swift */; };
		152F57BD28B9FFE700CA3245 /* QuestionList.storyboard in Resources */ = {isa = PBXBuildFile; fileRef = 152F57BC28B9FFE700CA3245 /* QuestionList.storyboard */; };
		152F57BF28B9FFF200CA3245 /* QuestionListViewController.swift in Sources */ = {isa = PBXBuildFile; fileRef = 152F57BE28B9FFF200CA3245 /* QuestionListViewController.swift */; };
		152F57C228BA000900CA3245 /* QuestionDetail.storyboard in Resources */ = {isa = PBXBuildFile; fileRef = 152F57C128BA000900CA3245 /* QuestionDetail.storyboard */; };
		152F57C428BA001000CA3245 /* QuestionDetailViewController.swift in Sources */ = {isa = PBXBuildFile; fileRef = 152F57C328BA001000CA3245 /* QuestionDetailViewController.swift */; };
		152F57C728BA003300CA3245 /* Const.swift in Sources */ = {isa = PBXBuildFile; fileRef = 152F57C628BA003300CA3245 /* Const.swift */; };
		152F57C928BA003800CA3245 /* Storyboard.swift in Sources */ = {isa = PBXBuildFile; fileRef = 152F57C828BA003800CA3245 /* Storyboard.swift */; };
		152F57CB28BA003D00CA3245 /* ViewController.swift in Sources */ = {isa = PBXBuildFile; fileRef = 152F57CA28BA003D00CA3245 /* ViewController.swift */; };
		152F57CD28BA00DF00CA3245 /* Identifier.swift in Sources */ = {isa = PBXBuildFile; fileRef = 152F57CC28BA00DF00CA3245 /* Identifier.swift */; };
		152F57CF28BA010600CA3245 /* Image.swift in Sources */ = {isa = PBXBuildFile; fileRef = 152F57CE28BA010600CA3245 /* Image.swift */; };
		152F57D128BA023700CA3245 /* BaseTargetType.swift in Sources */ = {isa = PBXBuildFile; fileRef = 152F57D028BA023700CA3245 /* BaseTargetType.swift */; };
		152F57D328BA3EA200CA3245 /* URLConstant.swift in Sources */ = {isa = PBXBuildFile; fileRef = 152F57D228BA3EA200CA3245 /* URLConstant.swift */; };
		152F57D528BA3EEE00CA3245 /* UIViewController+.swift in Sources */ = {isa = PBXBuildFile; fileRef = 152F57D428BA3EEE00CA3245 /* UIViewController+.swift */; };
		152F57D728BA3FD000CA3245 /* UIColor+.swift in Sources */ = {isa = PBXBuildFile; fileRef = 152F57D628BA3FD000CA3245 /* UIColor+.swift */; };
		152F57DC28BA41C800CA3245 /* FamilyRouter.swift in Sources */ = {isa = PBXBuildFile; fileRef = 152F57DB28BA41C800CA3245 /* FamilyRouter.swift */; };
		152F57DE28BA41CE00CA3245 /* QuestionRouter.swift in Sources */ = {isa = PBXBuildFile; fileRef = 152F57DD28BA41CE00CA3245 /* QuestionRouter.swift */; };
		152F57E028BA4AE700CA3245 /* Colors.xcassets in Resources */ = {isa = PBXBuildFile; fileRef = 152F57DF28BA4AE700CA3245 /* Colors.xcassets */; };
		152F57E428BA510000CA3245 /* RecordListTableViewCell.swift in Sources */ = {isa = PBXBuildFile; fileRef = 152F57E228BA510000CA3245 /* RecordListTableViewCell.swift */; };
		152F57E528BA510000CA3245 /* RecordListTableViewCell.xib in Resources */ = {isa = PBXBuildFile; fileRef = 152F57E328BA510000CA3245 /* RecordListTableViewCell.xib */; };
		152F57E728BA5AA300CA3245 /* EmptyTableViewCell.swift in Sources */ = {isa = PBXBuildFile; fileRef = 152F57E628BA5AA300CA3245 /* EmptyTableViewCell.swift */; };
		152F57EA28BA619500CA3245 /* RecordHeaderView.swift in Sources */ = {isa = PBXBuildFile; fileRef = 152F57E928BA619500CA3245 /* RecordHeaderView.swift */; };
		152F57EE28BA652500CA3245 /* WeekPhotoCollectionViewCell.swift in Sources */ = {isa = PBXBuildFile; fileRef = 152F57EC28BA652500CA3245 /* WeekPhotoCollectionViewCell.swift */; };
		152F57EF28BA652500CA3245 /* WeekPhotoCollectionViewCell.xib in Resources */ = {isa = PBXBuildFile; fileRef = 152F57ED28BA652500CA3245 /* WeekPhotoCollectionViewCell.xib */; };
		152F57F228BA653B00CA3245 /* WeekQuestionCollectionViewCell.swift in Sources */ = {isa = PBXBuildFile; fileRef = 152F57F028BA653B00CA3245 /* WeekQuestionCollectionViewCell.swift */; };
		152F57F328BA653B00CA3245 /* WeekQuestionCollectionViewCell.xib in Resources */ = {isa = PBXBuildFile; fileRef = 152F57F128BA653B00CA3245 /* WeekQuestionCollectionViewCell.xib */; };
		8580EAC81110D1650A787330 /* Pods_Farmily.framework in Frameworks */ = {isa = PBXBuildFile; fileRef = 7325699031C30C791E1365AA /* Pods_Farmily.framework */; };
/* End PBXBuildFile section */

/* Begin PBXFileReference section */
		058EA7F846BF307D23CF8BBA /* Pods-Farmily.release.xcconfig */ = {isa = PBXFileReference; includeInIndex = 1; lastKnownFileType = text.xcconfig; name = "Pods-Farmily.release.xcconfig"; path = "Target Support Files/Pods-Farmily/Pods-Farmily.release.xcconfig"; sourceTree = "<group>"; };
		152F577128B9F43100CA3245 /* Farmily.app */ = {isa = PBXFileReference; explicitFileType = wrapper.application; includeInIndex = 0; path = Farmily.app; sourceTree = BUILT_PRODUCTS_DIR; };
		152F577428B9F43100CA3245 /* AppDelegate.swift */ = {isa = PBXFileReference; lastKnownFileType = sourcecode.swift; path = AppDelegate.swift; sourceTree = "<group>"; };
		152F577628B9F43100CA3245 /* SceneDelegate.swift */ = {isa = PBXFileReference; lastKnownFileType = sourcecode.swift; path = SceneDelegate.swift; sourceTree = "<group>"; };
		152F577B28B9F43100CA3245 /* Base */ = {isa = PBXFileReference; lastKnownFileType = file.storyboard; name = Base; path = Base.lproj/Main.storyboard; sourceTree = "<group>"; };
		152F577D28B9F43400CA3245 /* Assets.xcassets */ = {isa = PBXFileReference; lastKnownFileType = folder.assetcatalog; path = Assets.xcassets; sourceTree = "<group>"; };
		152F578028B9F43400CA3245 /* Base */ = {isa = PBXFileReference; lastKnownFileType = file.storyboard; name = Base; path = Base.lproj/LaunchScreen.storyboard; sourceTree = "<group>"; };
		152F578228B9F43400CA3245 /* Info.plist */ = {isa = PBXFileReference; lastKnownFileType = text.plist.xml; path = Info.plist; sourceTree = "<group>"; };
		152F579128B9F82C00CA3245 /* MoyaLoggingPlugin.swift */ = {isa = PBXFileReference; lastKnownFileType = sourcecode.swift; path = MoyaLoggingPlugin.swift; sourceTree = "<group>"; };
		152F579428B9F87300CA3245 /* UIImageView+.swift */ = {isa = PBXFileReference; lastKnownFileType = sourcecode.swift; path = "UIImageView+.swift"; sourceTree = "<group>"; };
		152F579628B9FA4200CA3245 /* UIView+.swift */ = {isa = PBXFileReference; lastKnownFileType = sourcecode.swift; path = "UIView+.swift"; sourceTree = "<group>"; };
		152F579828B9FA8100CA3245 /* Observable+catchError.swift */ = {isa = PBXFileReference; lastKnownFileType = sourcecode.swift; path = "Observable+catchError.swift"; sourceTree = "<group>"; };
		152F579B28B9FB7800CA3245 /* StatusHandler.swift */ = {isa = PBXFileReference; lastKnownFileType = sourcecode.swift; path = StatusHandler.swift; sourceTree = "<group>"; };
		152F579D28B9FB8F00CA3245 /* VoidType.swift */ = {isa = PBXFileReference; lastKnownFileType = sourcecode.swift; path = VoidType.swift; sourceTree = "<group>"; };
		152F579F28B9FBA200CA3245 /* StatusCase.swift */ = {isa = PBXFileReference; lastKnownFileType = sourcecode.swift; path = StatusCase.swift; sourceTree = "<group>"; };
		152F57A128B9FBB200CA3245 /* BaseResponseType.swift */ = {isa = PBXFileReference; lastKnownFileType = sourcecode.swift; path = BaseResponseType.swift; sourceTree = "<group>"; };
		152F57A328B9FBC800CA3245 /* BaseArrayResponseType.swift */ = {isa = PBXFileReference; lastKnownFileType = sourcecode.swift; path = BaseArrayResponseType.swift; sourceTree = "<group>"; };
		152F57A528B9FD7700CA3245 /* MainTabBarController.swift */ = {isa = PBXFileReference; lastKnownFileType = sourcecode.swift; path = MainTabBarController.swift; sourceTree = "<group>"; };
		152F57A828B9FDC500CA3245 /* Home.storyboard */ = {isa = PBXFileReference; lastKnownFileType = file.storyboard; path = Home.storyboard; sourceTree = "<group>"; };
		152F57AA28B9FDD200CA3245 /* HomeViewController.swift */ = {isa = PBXFileReference; lastKnownFileType = sourcecode.swift; path = HomeViewController.swift; sourceTree = "<group>"; };
		152F57AD28B9FE3600CA3245 /* RecodeList.storyboard */ = {isa = PBXFileReference; lastKnownFileType = file.storyboard; path = RecodeList.storyboard; sourceTree = "<group>"; };
		152F57AF28B9FE3E00CA3245 /* RecordListViewController.swift */ = {isa = PBXFileReference; lastKnownFileType = sourcecode.swift; path = RecordListViewController.swift; sourceTree = "<group>"; };
		152F57B228B9FE5400CA3245 /* MyPage.storyboard */ = {isa = PBXFileReference; lastKnownFileType = file.storyboard; path = MyPage.storyboard; sourceTree = "<group>"; };
		152F57B428B9FE5A00CA3245 /* MyPageViewController.swift */ = {isa = PBXFileReference; lastKnownFileType = sourcecode.swift; path = MyPageViewController.swift; sourceTree = "<group>"; };
		152F57B728B9FF4E00CA3245 /* Initial.storyboard */ = {isa = PBXFileReference; lastKnownFileType = file.storyboard; path = Initial.storyboard; sourceTree = "<group>"; };
		152F57B928B9FF5600CA3245 /* InitialViewController.swift */ = {isa = PBXFileReference; lastKnownFileType = sourcecode.swift; path = InitialViewController.swift; sourceTree = "<group>"; };
		152F57BC28B9FFE700CA3245 /* QuestionList.storyboard */ = {isa = PBXFileReference; lastKnownFileType = file.storyboard; path = QuestionList.storyboard; sourceTree = "<group>"; };
		152F57BE28B9FFF200CA3245 /* QuestionListViewController.swift */ = {isa = PBXFileReference; lastKnownFileType = sourcecode.swift; path = QuestionListViewController.swift; sourceTree = "<group>"; };
		152F57C128BA000900CA3245 /* QuestionDetail.storyboard */ = {isa = PBXFileReference; lastKnownFileType = file.storyboard; path = QuestionDetail.storyboard; sourceTree = "<group>"; };
		152F57C328BA001000CA3245 /* QuestionDetailViewController.swift */ = {isa = PBXFileReference; lastKnownFileType = sourcecode.swift; path = QuestionDetailViewController.swift; sourceTree = "<group>"; };
		152F57C628BA003300CA3245 /* Const.swift */ = {isa = PBXFileReference; lastKnownFileType = sourcecode.swift; path = Const.swift; sourceTree = "<group>"; };
		152F57C828BA003800CA3245 /* Storyboard.swift */ = {isa = PBXFileReference; lastKnownFileType = sourcecode.swift; path = Storyboard.swift; sourceTree = "<group>"; };
		152F57CA28BA003D00CA3245 /* ViewController.swift */ = {isa = PBXFileReference; lastKnownFileType = sourcecode.swift; path = ViewController.swift; sourceTree = "<group>"; };
		152F57CC28BA00DF00CA3245 /* Identifier.swift */ = {isa = PBXFileReference; lastKnownFileType = sourcecode.swift; path = Identifier.swift; sourceTree = "<group>"; };
		152F57CE28BA010600CA3245 /* Image.swift */ = {isa = PBXFileReference; lastKnownFileType = sourcecode.swift; path = Image.swift; sourceTree = "<group>"; };
		152F57D028BA023700CA3245 /* BaseTargetType.swift */ = {isa = PBXFileReference; lastKnownFileType = sourcecode.swift; path = BaseTargetType.swift; sourceTree = "<group>"; };
		152F57D228BA3EA200CA3245 /* URLConstant.swift */ = {isa = PBXFileReference; lastKnownFileType = sourcecode.swift; path = URLConstant.swift; sourceTree = "<group>"; };
		152F57D428BA3EEE00CA3245 /* UIViewController+.swift */ = {isa = PBXFileReference; lastKnownFileType = sourcecode.swift; path = "UIViewController+.swift"; sourceTree = "<group>"; };
		152F57D628BA3FD000CA3245 /* UIColor+.swift */ = {isa = PBXFileReference; lastKnownFileType = sourcecode.swift; path = "UIColor+.swift"; sourceTree = "<group>"; };
		152F57DB28BA41C800CA3245 /* FamilyRouter.swift */ = {isa = PBXFileReference; lastKnownFileType = sourcecode.swift; path = FamilyRouter.swift; sourceTree = "<group>"; };
		152F57DD28BA41CE00CA3245 /* QuestionRouter.swift */ = {isa = PBXFileReference; lastKnownFileType = sourcecode.swift; path = QuestionRouter.swift; sourceTree = "<group>"; };
		152F57DF28BA4AE700CA3245 /* Colors.xcassets */ = {isa = PBXFileReference; lastKnownFileType = folder.assetcatalog; path = Colors.xcassets; sourceTree = "<group>"; };
		152F57E228BA510000CA3245 /* RecordListTableViewCell.swift */ = {isa = PBXFileReference; lastKnownFileType = sourcecode.swift; path = RecordListTableViewCell.swift; sourceTree = "<group>"; };
		152F57E328BA510000CA3245 /* RecordListTableViewCell.xib */ = {isa = PBXFileReference; lastKnownFileType = file.xib; path = RecordListTableViewCell.xib; sourceTree = "<group>"; };
		152F57E628BA5AA300CA3245 /* EmptyTableViewCell.swift */ = {isa = PBXFileReference; lastKnownFileType = sourcecode.swift; path = EmptyTableViewCell.swift; sourceTree = "<group>"; };
		152F57E928BA619500CA3245 /* RecordHeaderView.swift */ = {isa = PBXFileReference; lastKnownFileType = sourcecode.swift; path = RecordHeaderView.swift; sourceTree = "<group>"; };
		152F57EC28BA652500CA3245 /* WeekPhotoCollectionViewCell.swift */ = {isa = PBXFileReference; lastKnownFileType = sourcecode.swift; path = WeekPhotoCollectionViewCell.swift; sourceTree = "<group>"; };
		152F57ED28BA652500CA3245 /* WeekPhotoCollectionViewCell.xib */ = {isa = PBXFileReference; lastKnownFileType = file.xib; path = WeekPhotoCollectionViewCell.xib; sourceTree = "<group>"; };
		152F57F028BA653B00CA3245 /* WeekQuestionCollectionViewCell.swift */ = {isa = PBXFileReference; lastKnownFileType = sourcecode.swift; path = WeekQuestionCollectionViewCell.swift; sourceTree = "<group>"; };
		152F57F128BA653B00CA3245 /* WeekQuestionCollectionViewCell.xib */ = {isa = PBXFileReference; lastKnownFileType = file.xib; path = WeekQuestionCollectionViewCell.xib; sourceTree = "<group>"; };
		66742D996FC244F628203A2A /* Pods-Farmily.debug.xcconfig */ = {isa = PBXFileReference; includeInIndex = 1; lastKnownFileType = text.xcconfig; name = "Pods-Farmily.debug.xcconfig"; path = "Target Support Files/Pods-Farmily/Pods-Farmily.debug.xcconfig"; sourceTree = "<group>"; };
		7325699031C30C791E1365AA /* Pods_Farmily.framework */ = {isa = PBXFileReference; explicitFileType = wrapper.framework; includeInIndex = 0; path = Pods_Farmily.framework; sourceTree = BUILT_PRODUCTS_DIR; };
/* End PBXFileReference section */

/* Begin PBXFrameworksBuildPhase section */
		152F576E28B9F43100CA3245 /* Frameworks */ = {
			isa = PBXFrameworksBuildPhase;
			buildActionMask = 2147483647;
			files = (
				8580EAC81110D1650A787330 /* Pods_Farmily.framework in Frameworks */,
			);
			runOnlyForDeploymentPostprocessing = 0;
		};
/* End PBXFrameworksBuildPhase section */

/* Begin PBXGroup section */
		104B6645FA973A70982C7554 /* Pods */ = {
			isa = PBXGroup;
			children = (
				66742D996FC244F628203A2A /* Pods-Farmily.debug.xcconfig */,
				058EA7F846BF307D23CF8BBA /* Pods-Farmily.release.xcconfig */,
			);
			path = Pods;
			sourceTree = "<group>";
		};
		152F576828B9F43100CA3245 = {
			isa = PBXGroup;
			children = (
				152F577328B9F43100CA3245 /* Farmily */,
				152F577228B9F43100CA3245 /* Products */,
				104B6645FA973A70982C7554 /* Pods */,
				ED32BE85D96D4ABF548659D6 /* Frameworks */,
			);
			sourceTree = "<group>";
		};
		152F577228B9F43100CA3245 /* Products */ = {
			isa = PBXGroup;
			children = (
				152F577128B9F43100CA3245 /* Farmily.app */,
			);
			name = Products;
			sourceTree = "<group>";
		};
		152F577328B9F43100CA3245 /* Farmily */ = {
			isa = PBXGroup;
			children = (
				152F578B28B9F63700CA3245 /* Network */,
				152F578828B9F5D600CA3245 /* Configuration */,
				152F578E28B9F64D00CA3245 /* Screen */,
				152F578228B9F43400CA3245 /* Info.plist */,
			);
			path = Farmily;
			sourceTree = "<group>";
		};
		152F578828B9F5D600CA3245 /* Configuration */ = {
			isa = PBXGroup;
			children = (
				152F57C528BA002C00CA3245 /* Constants */,
				152F579328B9F86200CA3245 /* Extensions */,
				152F578F28B9F67700CA3245 /* Resources */,
				152F578A28B9F62500CA3245 /* Assets */,
				152F578928B9F5DD00CA3245 /* Supports */,
			);
			path = Configuration;
			sourceTree = "<group>";
		};
		152F578928B9F5DD00CA3245 /* Supports */ = {
			isa = PBXGroup;
			children = (
				152F577428B9F43100CA3245 /* AppDelegate.swift */,
				152F577628B9F43100CA3245 /* SceneDelegate.swift */,
			);
			path = Supports;
			sourceTree = "<group>";
		};
		152F578A28B9F62500CA3245 /* Assets */ = {
			isa = PBXGroup;
			children = (
				152F577D28B9F43400CA3245 /* Assets.xcassets */,
				152F57DF28BA4AE700CA3245 /* Colors.xcassets */,
			);
			path = Assets;
			sourceTree = "<group>";
		};
		152F578B28B9F63700CA3245 /* Network */ = {
			isa = PBXGroup;
			children = (
				152F57D828BA419900CA3245 /* API */,
				152F579A28B9FB6600CA3245 /* BaseResponse */,
				152F579028B9F6D600CA3245 /* Supports */,
			);
			path = Network;
			sourceTree = "<group>";
		};
		152F578E28B9F64D00CA3245 /* Screen */ = {
			isa = PBXGroup;
			children = (
				152F57C028BA000000CA3245 /* QuestionDetail */,
				152F57BB28B9FFD100CA3245 /* QuestionList */,
				152F57B628B9FF4800CA3245 /* Initial */,
				152F57B128B9FE4E00CA3245 /* MyPage */,
				152F57AC28B9FDE300CA3245 /* RecodeList */,
				152F57A728B9FDB700CA3245 /* Home */,
				152F577A28B9F43100CA3245 /* Main.storyboard */,
				152F57A528B9FD7700CA3245 /* MainTabBarController.swift */,
			);
			path = Screen;
			sourceTree = "<group>";
		};
		152F578F28B9F67700CA3245 /* Resources */ = {
			isa = PBXGroup;
			children = (
				152F577F28B9F43400CA3245 /* LaunchScreen.storyboard */,
			);
			path = Resources;
			sourceTree = "<group>";
		};
		152F579028B9F6D600CA3245 /* Supports */ = {
			isa = PBXGroup;
			children = (
				152F579128B9F82C00CA3245 /* MoyaLoggingPlugin.swift */,
				152F57D028BA023700CA3245 /* BaseTargetType.swift */,
				152F57D228BA3EA200CA3245 /* URLConstant.swift */,
			);
			path = Supports;
			sourceTree = "<group>";
		};
		152F579328B9F86200CA3245 /* Extensions */ = {
			isa = PBXGroup;
			children = (
				152F579428B9F87300CA3245 /* UIImageView+.swift */,
				152F579628B9FA4200CA3245 /* UIView+.swift */,
				152F579828B9FA8100CA3245 /* Observable+catchError.swift */,
				152F57D428BA3EEE00CA3245 /* UIViewController+.swift */,
				152F57D628BA3FD000CA3245 /* UIColor+.swift */,
			);
			path = Extensions;
			sourceTree = "<group>";
		};
		152F579A28B9FB6600CA3245 /* BaseResponse */ = {
			isa = PBXGroup;
			children = (
				152F579B28B9FB7800CA3245 /* StatusHandler.swift */,
				152F579D28B9FB8F00CA3245 /* VoidType.swift */,
				152F579F28B9FBA200CA3245 /* StatusCase.swift */,
				152F57A128B9FBB200CA3245 /* BaseResponseType.swift */,
				152F57A328B9FBC800CA3245 /* BaseArrayResponseType.swift */,
			);
			path = BaseResponse;
			sourceTree = "<group>";
		};
		152F57A728B9FDB700CA3245 /* Home */ = {
			isa = PBXGroup;
			children = (
				152F57A828B9FDC500CA3245 /* Home.storyboard */,
				152F57AA28B9FDD200CA3245 /* HomeViewController.swift */,
			);
			path = Home;
			sourceTree = "<group>";
		};
		152F57AC28B9FDE300CA3245 /* RecodeList */ = {
			isa = PBXGroup;
			children = (
				152F57E828BA618A00CA3245 /* Views */,
				152F57E128BA50E000CA3245 /* Cells */,
				152F57AD28B9FE3600CA3245 /* RecodeList.storyboard */,
				152F57AF28B9FE3E00CA3245 /* RecordListViewController.swift */,
			);
			path = RecodeList;
			sourceTree = "<group>";
		};
		152F57B128B9FE4E00CA3245 /* MyPage */ = {
			isa = PBXGroup;
			children = (
				152F57B228B9FE5400CA3245 /* MyPage.storyboard */,
				152F57B428B9FE5A00CA3245 /* MyPageViewController.swift */,
			);
			path = MyPage;
			sourceTree = "<group>";
		};
		152F57B628B9FF4800CA3245 /* Initial */ = {
			isa = PBXGroup;
			children = (
				152F57B728B9FF4E00CA3245 /* Initial.storyboard */,
				152F57B928B9FF5600CA3245 /* InitialViewController.swift */,
			);
			path = Initial;
			sourceTree = "<group>";
		};
		152F57BB28B9FFD100CA3245 /* QuestionList */ = {
			isa = PBXGroup;
			children = (
				152F57EB28BA650500CA3245 /* Cells */,
				152F57BC28B9FFE700CA3245 /* QuestionList.storyboard */,
				152F57BE28B9FFF200CA3245 /* QuestionListViewController.swift */,
			);
			path = QuestionList;
			sourceTree = "<group>";
		};
		152F57C028BA000000CA3245 /* QuestionDetail */ = {
			isa = PBXGroup;
			children = (
				152F57C128BA000900CA3245 /* QuestionDetail.storyboard */,
				152F57C328BA001000CA3245 /* QuestionDetailViewController.swift */,
			);
			path = QuestionDetail;
			sourceTree = "<group>";
		};
		152F57C528BA002C00CA3245 /* Constants */ = {
			isa = PBXGroup;
			children = (
				152F57C628BA003300CA3245 /* Const.swift */,
				152F57C828BA003800CA3245 /* Storyboard.swift */,
				152F57CA28BA003D00CA3245 /* ViewController.swift */,
				152F57CC28BA00DF00CA3245 /* Identifier.swift */,
				152F57CE28BA010600CA3245 /* Image.swift */,
			);
			path = Constants;
			sourceTree = "<group>";
		};
		152F57D828BA419900CA3245 /* API */ = {
			isa = PBXGroup;
			children = (
				152F57DA28BA41BA00CA3245 /* QuestionAPI */,
				152F57D928BA41A100CA3245 /* FamilyAPI */,
			);
			path = API;
			sourceTree = "<group>";
		};
		152F57D928BA41A100CA3245 /* FamilyAPI */ = {
			isa = PBXGroup;
			children = (
				152F57DB28BA41C800CA3245 /* FamilyRouter.swift */,
			);
			path = FamilyAPI;
			sourceTree = "<group>";
		};
		152F57DA28BA41BA00CA3245 /* QuestionAPI */ = {
			isa = PBXGroup;
			children = (
				152F57DD28BA41CE00CA3245 /* QuestionRouter.swift */,
			);
			path = QuestionAPI;
			sourceTree = "<group>";
		};
		152F57E128BA50E000CA3245 /* Cells */ = {
			isa = PBXGroup;
			children = (
				152F57E228BA510000CA3245 /* RecordListTableViewCell.swift */,
				152F57E328BA510000CA3245 /* RecordListTableViewCell.xib */,
				152F57E628BA5AA300CA3245 /* EmptyTableViewCell.swift */,
			);
			path = Cells;
			sourceTree = "<group>";
		};
		152F57E828BA618A00CA3245 /* Views */ = {
			isa = PBXGroup;
			children = (
				152F57E928BA619500CA3245 /* RecordHeaderView.swift */,
			);
			path = Views;
			sourceTree = "<group>";
		};
		152F57EB28BA650500CA3245 /* Cells */ = {
			isa = PBXGroup;
			children = (
				152F57EC28BA652500CA3245 /* WeekPhotoCollectionViewCell.swift */,
				152F57ED28BA652500CA3245 /* WeekPhotoCollectionViewCell.xib */,
				152F57F028BA653B00CA3245 /* WeekQuestionCollectionViewCell.swift */,
				152F57F128BA653B00CA3245 /* WeekQuestionCollectionViewCell.xib */,
			);
			path = Cells;
			sourceTree = "<group>";
		};
		ED32BE85D96D4ABF548659D6 /* Frameworks */ = {
			isa = PBXGroup;
			children = (
				7325699031C30C791E1365AA /* Pods_Farmily.framework */,
			);
			name = Frameworks;
			sourceTree = "<group>";
		};
/* End PBXGroup section */

/* Begin PBXNativeTarget section */
		152F577028B9F43100CA3245 /* Farmily */ = {
			isa = PBXNativeTarget;
			buildConfigurationList = 152F578528B9F43400CA3245 /* Build configuration list for PBXNativeTarget "Farmily" */;
			buildPhases = (
				0A93F5A761255486F4B03955 /* [CP] Check Pods Manifest.lock */,
				152F576D28B9F43100CA3245 /* Sources */,
				152F576E28B9F43100CA3245 /* Frameworks */,
				152F576F28B9F43100CA3245 /* Resources */,
				23195DF84C71926DF7BF178E /* [CP] Embed Pods Frameworks */,
			);
			buildRules = (
			);
			dependencies = (
			);
			name = Farmily;
			productName = Farmily;
			productReference = 152F577128B9F43100CA3245 /* Farmily.app */;
			productType = "com.apple.product-type.application";
		};
/* End PBXNativeTarget section */

/* Begin PBXProject section */
		152F576928B9F43100CA3245 /* Project object */ = {
			isa = PBXProject;
			attributes = {
				BuildIndependentTargetsInParallel = 1;
				LastSwiftUpdateCheck = 1340;
				LastUpgradeCheck = 1340;
				TargetAttributes = {
					152F577028B9F43100CA3245 = {
						CreatedOnToolsVersion = 13.4.1;
					};
				};
			};
			buildConfigurationList = 152F576C28B9F43100CA3245 /* Build configuration list for PBXProject "Farmily" */;
			compatibilityVersion = "Xcode 13.0";
			developmentRegion = en;
			hasScannedForEncodings = 0;
			knownRegions = (
				en,
				Base,
			);
			mainGroup = 152F576828B9F43100CA3245;
			productRefGroup = 152F577228B9F43100CA3245 /* Products */;
			projectDirPath = "";
			projectRoot = "";
			targets = (
				152F577028B9F43100CA3245 /* Farmily */,
			);
		};
/* End PBXProject section */

/* Begin PBXResourcesBuildPhase section */
		152F576F28B9F43100CA3245 /* Resources */ = {
			isa = PBXResourcesBuildPhase;
			buildActionMask = 2147483647;
			files = (
				152F578128B9F43400CA3245 /* LaunchScreen.storyboard in Resources */,
				152F57B328B9FE5400CA3245 /* MyPage.storyboard in Resources */,
				152F57BD28B9FFE700CA3245 /* QuestionList.storyboard in Resources */,
				152F57F328BA653B00CA3245 /* WeekQuestionCollectionViewCell.xib in Resources */,
				152F57E528BA510000CA3245 /* RecordListTableViewCell.xib in Resources */,
				152F577E28B9F43400CA3245 /* Assets.xcassets in Resources */,
				152F57C228BA000900CA3245 /* QuestionDetail.storyboard in Resources */,
				152F57E028BA4AE700CA3245 /* Colors.xcassets in Resources */,
				152F57B828B9FF4E00CA3245 /* Initial.storyboard in Resources */,
				152F577C28B9F43100CA3245 /* Main.storyboard in Resources */,
				152F57EF28BA652500CA3245 /* WeekPhotoCollectionViewCell.xib in Resources */,
				152F57AE28B9FE3600CA3245 /* RecodeList.storyboard in Resources */,
				152F57A928B9FDC500CA3245 /* Home.storyboard in Resources */,
			);
			runOnlyForDeploymentPostprocessing = 0;
		};
/* End PBXResourcesBuildPhase section */

/* Begin PBXShellScriptBuildPhase section */
		0A93F5A761255486F4B03955 /* [CP] Check Pods Manifest.lock */ = {
			isa = PBXShellScriptBuildPhase;
			buildActionMask = 2147483647;
			files = (
			);
			inputFileListPaths = (
			);
			inputPaths = (
				"${PODS_PODFILE_DIR_PATH}/Podfile.lock",
				"${PODS_ROOT}/Manifest.lock",
			);
			name = "[CP] Check Pods Manifest.lock";
			outputFileListPaths = (
			);
			outputPaths = (
				"$(DERIVED_FILE_DIR)/Pods-Farmily-checkManifestLockResult.txt",
			);
			runOnlyForDeploymentPostprocessing = 0;
			shellPath = /bin/sh;
			shellScript = "diff \"${PODS_PODFILE_DIR_PATH}/Podfile.lock\" \"${PODS_ROOT}/Manifest.lock\" > /dev/null\nif [ $? != 0 ] ; then\n    # print error to STDERR\n    echo \"error: The sandbox is not in sync with the Podfile.lock. Run 'pod install' or update your CocoaPods installation.\" >&2\n    exit 1\nfi\n# This output is used by Xcode 'outputs' to avoid re-running this script phase.\necho \"SUCCESS\" > \"${SCRIPT_OUTPUT_FILE_0}\"\n";
			showEnvVarsInLog = 0;
		};
		23195DF84C71926DF7BF178E /* [CP] Embed Pods Frameworks */ = {
			isa = PBXShellScriptBuildPhase;
			buildActionMask = 2147483647;
			files = (
			);
			inputFileListPaths = (
				"${PODS_ROOT}/Target Support Files/Pods-Farmily/Pods-Farmily-frameworks-${CONFIGURATION}-input-files.xcfilelist",
			);
			name = "[CP] Embed Pods Frameworks";
			outputFileListPaths = (
				"${PODS_ROOT}/Target Support Files/Pods-Farmily/Pods-Farmily-frameworks-${CONFIGURATION}-output-files.xcfilelist",
			);
			runOnlyForDeploymentPostprocessing = 0;
			shellPath = /bin/sh;
			shellScript = "\"${PODS_ROOT}/Target Support Files/Pods-Farmily/Pods-Farmily-frameworks.sh\"\n";
			showEnvVarsInLog = 0;
		};
/* End PBXShellScriptBuildPhase section */

/* Begin PBXSourcesBuildPhase section */
		152F576D28B9F43100CA3245 /* Sources */ = {
			isa = PBXSourcesBuildPhase;
			buildActionMask = 2147483647;
			files = (
				152F579C28B9FB7800CA3245 /* StatusHandler.swift in Sources */,
				152F57C728BA003300CA3245 /* Const.swift in Sources */,
				152F57F228BA653B00CA3245 /* WeekQuestionCollectionViewCell.swift in Sources */,
				152F57CF28BA010600CA3245 /* Image.swift in Sources */,
				152F57D328BA3EA200CA3245 /* URLConstant.swift in Sources */,
				152F57E428BA510000CA3245 /* RecordListTableViewCell.swift in Sources */,
				152F57B028B9FE3E00CA3245 /* RecordListViewController.swift in Sources */,
				152F57A028B9FBA200CA3245 /* StatusCase.swift in Sources */,
				152F57CD28BA00DF00CA3245 /* Identifier.swift in Sources */,
				152F57C428BA001000CA3245 /* QuestionDetailViewController.swift in Sources */,
				152F57E728BA5AA300CA3245 /* EmptyTableViewCell.swift in Sources */,
				152F57A628B9FD7700CA3245 /* MainTabBarController.swift in Sources */,
				152F579728B9FA4200CA3245 /* UIView+.swift in Sources */,
				152F57A228B9FBB200CA3245 /* BaseResponseType.swift in Sources */,
				152F57EE28BA652500CA3245 /* WeekPhotoCollectionViewCell.swift in Sources */,
				152F579228B9F82C00CA3245 /* MoyaLoggingPlugin.swift in Sources */,
				152F57DC28BA41C800CA3245 /* FamilyRouter.swift in Sources */,
				152F57D128BA023700CA3245 /* BaseTargetType.swift in Sources */,
				152F579928B9FA8100CA3245 /* Observable+catchError.swift in Sources */,
				152F577528B9F43100CA3245 /* AppDelegate.swift in Sources */,
				152F579528B9F87300CA3245 /* UIImageView+.swift in Sources */,
				152F57B528B9FE5A00CA3245 /* MyPageViewController.swift in Sources */,
				152F57EA28BA619500CA3245 /* RecordHeaderView.swift in Sources */,
				152F57D728BA3FD000CA3245 /* UIColor+.swift in Sources */,
				152F57A428B9FBC800CA3245 /* BaseArrayResponseType.swift in Sources */,
				152F577728B9F43100CA3245 /* SceneDelegate.swift in Sources */,
				152F57AB28B9FDD200CA3245 /* HomeViewController.swift in Sources */,
				152F57C928BA003800CA3245 /* Storyboard.swift in Sources */,
				152F579E28B9FB8F00CA3245 /* VoidType.swift in Sources */,
				152F57D528BA3EEE00CA3245 /* UIViewController+.swift in Sources */,
				152F57DE28BA41CE00CA3245 /* QuestionRouter.swift in Sources */,
				152F57CB28BA003D00CA3245 /* ViewController.swift in Sources */,
				152F57BA28B9FF5600CA3245 /* InitialViewController.swift in Sources */,
				152F57BF28B9FFF200CA3245 /* QuestionListViewController.swift in Sources */,
			);
			runOnlyForDeploymentPostprocessing = 0;
		};
/* End PBXSourcesBuildPhase section */

/* Begin PBXVariantGroup section */
		152F577A28B9F43100CA3245 /* Main.storyboard */ = {
			isa = PBXVariantGroup;
			children = (
				152F577B28B9F43100CA3245 /* Base */,
			);
			name = Main.storyboard;
			sourceTree = "<group>";
		};
		152F577F28B9F43400CA3245 /* LaunchScreen.storyboard */ = {
			isa = PBXVariantGroup;
			children = (
				152F578028B9F43400CA3245 /* Base */,
			);
			name = LaunchScreen.storyboard;
			sourceTree = "<group>";
		};
/* End PBXVariantGroup section */

/* Begin XCBuildConfiguration section */
		152F578328B9F43400CA3245 /* Debug */ = {
			isa = XCBuildConfiguration;
			buildSettings = {
				ALWAYS_SEARCH_USER_PATHS = NO;
				CLANG_ANALYZER_NONNULL = YES;
				CLANG_ANALYZER_NUMBER_OBJECT_CONVERSION = YES_AGGRESSIVE;
				CLANG_CXX_LANGUAGE_STANDARD = "gnu++17";
				CLANG_ENABLE_MODULES = YES;
				CLANG_ENABLE_OBJC_ARC = YES;
				CLANG_ENABLE_OBJC_WEAK = YES;
				CLANG_WARN_BLOCK_CAPTURE_AUTORELEASING = YES;
				CLANG_WARN_BOOL_CONVERSION = YES;
				CLANG_WARN_COMMA = YES;
				CLANG_WARN_CONSTANT_CONVERSION = YES;
				CLANG_WARN_DEPRECATED_OBJC_IMPLEMENTATIONS = YES;
				CLANG_WARN_DIRECT_OBJC_ISA_USAGE = YES_ERROR;
				CLANG_WARN_DOCUMENTATION_COMMENTS = YES;
				CLANG_WARN_EMPTY_BODY = YES;
				CLANG_WARN_ENUM_CONVERSION = YES;
				CLANG_WARN_INFINITE_RECURSION = YES;
				CLANG_WARN_INT_CONVERSION = YES;
				CLANG_WARN_NON_LITERAL_NULL_CONVERSION = YES;
				CLANG_WARN_OBJC_IMPLICIT_RETAIN_SELF = YES;
				CLANG_WARN_OBJC_LITERAL_CONVERSION = YES;
				CLANG_WARN_OBJC_ROOT_CLASS = YES_ERROR;
				CLANG_WARN_QUOTED_INCLUDE_IN_FRAMEWORK_HEADER = YES;
				CLANG_WARN_RANGE_LOOP_ANALYSIS = YES;
				CLANG_WARN_STRICT_PROTOTYPES = YES;
				CLANG_WARN_SUSPICIOUS_MOVE = YES;
				CLANG_WARN_UNGUARDED_AVAILABILITY = YES_AGGRESSIVE;
				CLANG_WARN_UNREACHABLE_CODE = YES;
				CLANG_WARN__DUPLICATE_METHOD_MATCH = YES;
				COPY_PHASE_STRIP = NO;
				DEBUG_INFORMATION_FORMAT = dwarf;
				ENABLE_STRICT_OBJC_MSGSEND = YES;
				ENABLE_TESTABILITY = YES;
				GCC_C_LANGUAGE_STANDARD = gnu11;
				GCC_DYNAMIC_NO_PIC = NO;
				GCC_NO_COMMON_BLOCKS = YES;
				GCC_OPTIMIZATION_LEVEL = 0;
				GCC_PREPROCESSOR_DEFINITIONS = (
					"DEBUG=1",
					"$(inherited)",
				);
				GCC_WARN_64_TO_32_BIT_CONVERSION = YES;
				GCC_WARN_ABOUT_RETURN_TYPE = YES_ERROR;
				GCC_WARN_UNDECLARED_SELECTOR = YES;
				GCC_WARN_UNINITIALIZED_AUTOS = YES_AGGRESSIVE;
				GCC_WARN_UNUSED_FUNCTION = YES;
				GCC_WARN_UNUSED_VARIABLE = YES;
				IPHONEOS_DEPLOYMENT_TARGET = 15.5;
				MTL_ENABLE_DEBUG_INFO = INCLUDE_SOURCE;
				MTL_FAST_MATH = YES;
				ONLY_ACTIVE_ARCH = YES;
				SDKROOT = iphoneos;
				SWIFT_ACTIVE_COMPILATION_CONDITIONS = DEBUG;
				SWIFT_OPTIMIZATION_LEVEL = "-Onone";
			};
			name = Debug;
		};
		152F578428B9F43400CA3245 /* Release */ = {
			isa = XCBuildConfiguration;
			buildSettings = {
				ALWAYS_SEARCH_USER_PATHS = NO;
				CLANG_ANALYZER_NONNULL = YES;
				CLANG_ANALYZER_NUMBER_OBJECT_CONVERSION = YES_AGGRESSIVE;
				CLANG_CXX_LANGUAGE_STANDARD = "gnu++17";
				CLANG_ENABLE_MODULES = YES;
				CLANG_ENABLE_OBJC_ARC = YES;
				CLANG_ENABLE_OBJC_WEAK = YES;
				CLANG_WARN_BLOCK_CAPTURE_AUTORELEASING = YES;
				CLANG_WARN_BOOL_CONVERSION = YES;
				CLANG_WARN_COMMA = YES;
				CLANG_WARN_CONSTANT_CONVERSION = YES;
				CLANG_WARN_DEPRECATED_OBJC_IMPLEMENTATIONS = YES;
				CLANG_WARN_DIRECT_OBJC_ISA_USAGE = YES_ERROR;
				CLANG_WARN_DOCUMENTATION_COMMENTS = YES;
				CLANG_WARN_EMPTY_BODY = YES;
				CLANG_WARN_ENUM_CONVERSION = YES;
				CLANG_WARN_INFINITE_RECURSION = YES;
				CLANG_WARN_INT_CONVERSION = YES;
				CLANG_WARN_NON_LITERAL_NULL_CONVERSION = YES;
				CLANG_WARN_OBJC_IMPLICIT_RETAIN_SELF = YES;
				CLANG_WARN_OBJC_LITERAL_CONVERSION = YES;
				CLANG_WARN_OBJC_ROOT_CLASS = YES_ERROR;
				CLANG_WARN_QUOTED_INCLUDE_IN_FRAMEWORK_HEADER = YES;
				CLANG_WARN_RANGE_LOOP_ANALYSIS = YES;
				CLANG_WARN_STRICT_PROTOTYPES = YES;
				CLANG_WARN_SUSPICIOUS_MOVE = YES;
				CLANG_WARN_UNGUARDED_AVAILABILITY = YES_AGGRESSIVE;
				CLANG_WARN_UNREACHABLE_CODE = YES;
				CLANG_WARN__DUPLICATE_METHOD_MATCH = YES;
				COPY_PHASE_STRIP = NO;
				DEBUG_INFORMATION_FORMAT = "dwarf-with-dsym";
				ENABLE_NS_ASSERTIONS = NO;
				ENABLE_STRICT_OBJC_MSGSEND = YES;
				GCC_C_LANGUAGE_STANDARD = gnu11;
				GCC_NO_COMMON_BLOCKS = YES;
				GCC_WARN_64_TO_32_BIT_CONVERSION = YES;
				GCC_WARN_ABOUT_RETURN_TYPE = YES_ERROR;
				GCC_WARN_UNDECLARED_SELECTOR = YES;
				GCC_WARN_UNINITIALIZED_AUTOS = YES_AGGRESSIVE;
				GCC_WARN_UNUSED_FUNCTION = YES;
				GCC_WARN_UNUSED_VARIABLE = YES;
				IPHONEOS_DEPLOYMENT_TARGET = 15.5;
				MTL_ENABLE_DEBUG_INFO = NO;
				MTL_FAST_MATH = YES;
				SDKROOT = iphoneos;
				SWIFT_COMPILATION_MODE = wholemodule;
				SWIFT_OPTIMIZATION_LEVEL = "-O";
				VALIDATE_PRODUCT = YES;
			};
			name = Release;
		};
		152F578628B9F43400CA3245 /* Debug */ = {
			isa = XCBuildConfiguration;
			baseConfigurationReference = 66742D996FC244F628203A2A /* Pods-Farmily.debug.xcconfig */;
			buildSettings = {
				ASSETCATALOG_COMPILER_APPICON_NAME = AppIcon;
				ASSETCATALOG_COMPILER_GLOBAL_ACCENT_COLOR_NAME = AccentColor;
				CODE_SIGN_STYLE = Automatic;
				CURRENT_PROJECT_VERSION = 1;
				DEVELOPMENT_TEAM = MLFF8438BY;
				GENERATE_INFOPLIST_FILE = YES;
				INFOPLIST_FILE = Farmily/Info.plist;
				INFOPLIST_KEY_UIApplicationSupportsIndirectInputEvents = YES;
				INFOPLIST_KEY_UILaunchStoryboardName = LaunchScreen;
				INFOPLIST_KEY_UIMainStoryboardFile = Main;
				INFOPLIST_KEY_UISupportedInterfaceOrientations_iPad = "UIInterfaceOrientationPortrait UIInterfaceOrientationPortraitUpsideDown UIInterfaceOrientationLandscapeLeft UIInterfaceOrientationLandscapeRight";
				INFOPLIST_KEY_UISupportedInterfaceOrientations_iPhone = "UIInterfaceOrientationPortrait UIInterfaceOrientationLandscapeLeft UIInterfaceOrientationLandscapeRight";
				IPHONEOS_DEPLOYMENT_TARGET = 15.0;
				LD_RUNPATH_SEARCH_PATHS = (
					"$(inherited)",
					"@executable_path/Frameworks",
				);
				MARKETING_VERSION = 1.0;
				PRODUCT_BUNDLE_IDENTIFIER = kimhyesu.Farmily;
				PRODUCT_NAME = "$(TARGET_NAME)";
				SWIFT_EMIT_LOC_STRINGS = YES;
				SWIFT_VERSION = 5.0;
				TARGETED_DEVICE_FAMILY = "1,2";
			};
			name = Debug;
		};
		152F578728B9F43400CA3245 /* Release */ = {
			isa = XCBuildConfiguration;
			baseConfigurationReference = 058EA7F846BF307D23CF8BBA /* Pods-Farmily.release.xcconfig */;
			buildSettings = {
				ASSETCATALOG_COMPILER_APPICON_NAME = AppIcon;
				ASSETCATALOG_COMPILER_GLOBAL_ACCENT_COLOR_NAME = AccentColor;
				CODE_SIGN_STYLE = Automatic;
				CURRENT_PROJECT_VERSION = 1;
				DEVELOPMENT_TEAM = MLFF8438BY;
				GENERATE_INFOPLIST_FILE = YES;
				INFOPLIST_FILE = Farmily/Info.plist;
				INFOPLIST_KEY_UIApplicationSupportsIndirectInputEvents = YES;
				INFOPLIST_KEY_UILaunchStoryboardName = LaunchScreen;
				INFOPLIST_KEY_UIMainStoryboardFile = Main;
				INFOPLIST_KEY_UISupportedInterfaceOrientations_iPad = "UIInterfaceOrientationPortrait UIInterfaceOrientationPortraitUpsideDown UIInterfaceOrientationLandscapeLeft UIInterfaceOrientationLandscapeRight";
				INFOPLIST_KEY_UISupportedInterfaceOrientations_iPhone = "UIInterfaceOrientationPortrait UIInterfaceOrientationLandscapeLeft UIInterfaceOrientationLandscapeRight";
				IPHONEOS_DEPLOYMENT_TARGET = 15.0;
				LD_RUNPATH_SEARCH_PATHS = (
					"$(inherited)",
					"@executable_path/Frameworks",
				);
				MARKETING_VERSION = 1.0;
				PRODUCT_BUNDLE_IDENTIFIER = kimhyesu.Farmily;
				PRODUCT_NAME = "$(TARGET_NAME)";
				SWIFT_EMIT_LOC_STRINGS = YES;
				SWIFT_VERSION = 5.0;
				TARGETED_DEVICE_FAMILY = "1,2";
			};
			name = Release;
		};
/* End XCBuildConfiguration section */

/* Begin XCConfigurationList section */
		152F576C28B9F43100CA3245 /* Build configuration list for PBXProject "Farmily" */ = {
			isa = XCConfigurationList;
			buildConfigurations = (
				152F578328B9F43400CA3245 /* Debug */,
				152F578428B9F43400CA3245 /* Release */,
			);
			defaultConfigurationIsVisible = 0;
			defaultConfigurationName = Release;
		};
		152F578528B9F43400CA3245 /* Build configuration list for PBXNativeTarget "Farmily" */ = {
			isa = XCConfigurationList;
			buildConfigurations = (
				152F578628B9F43400CA3245 /* Debug */,
				152F578728B9F43400CA3245 /* Release */,
			);
			defaultConfigurationIsVisible = 0;
			defaultConfigurationName = Release;
		};
/* End XCConfigurationList section */
	};
	rootObject = 152F576928B9F43100CA3245 /* Project object */;
}
